
Microsoft Visual Studio Solution File, Format Version 12.00
# Visual Studio 14
VisualStudioVersion = 14.0.23107.0
MinimumVisualStudioVersion = 10.0.40219.1
Project("{FAE04EC0-301F-11D3-BF4B-00C04F79EFBC}") = "QuickHostControl", "QuickHostControl\QuickHostControl.csproj", "{62911152-D43F-4127-BE61-6853427DFB20}"
EndProject
Project("{FAE04EC0-301F-11D3-BF4B-00C04F79EFBC}") = "QuickTestLogger", "QuickTestLogger\QuickTestLogger.csproj", "{544DC3B8-1D36-4A6A-B0F0-98A304929C01}"
EndProject
Project("{FAE04EC0-301F-11D3-BF4B-00C04F79EFBC}") = "QuickRansomwareDownloader", "RansomwareDownloader\QuickRansomwareDownloader.csproj", "{4CB7006D-D81F-4C19-8D48-F5B34FF1666C}"
EndProject
Project("{FAE04EC0-301F-11D3-BF4B-00C04F79EFBC}") = "QuickTestLoggerImproved", "QuickTestLoggerImproved\QuickTestLoggerImproved.csproj", "{7D3FE7AE-EAAC-4119-82A7-9220BA009177}"
EndProject
Project("{FAE04EC0-301F-11D3-BF4B-00C04F79EFBC}") = "BaseLineLogger", "BaseLineLogger\BaseLineLogger.csproj", "{DF257012-61C8-4630-80BA-1B1C48EC40AD}"
EndProject
Project("{FAE04EC0-301F-11D3-BF4B-00C04F79EFBC}") = "HoneyPot1POC", "HoneyPotFilemon\HoneyPot1POC.csproj", "{03A10693-BC22-423D-8FF8-9863432B28AE}"
EndProject
Project("{FAE04EC0-301F-11D3-BF4B-00C04F79EFBC}") = "BaseLineRansomwareDownloader", "RansomwareBaseDownloader\BaseLineRansomwareDownloader.csproj", "{A3419A52-F309-4049-87D8-60E5EED7778E}"
EndProject
Project("{FAE04EC0-301F-11D3-BF4B-00C04F79EFBC}") = "BaseLineHost", "BaseLineHost\BaseLineHost.csproj", "{A862E2B3-311E-4247-862E-4D63E8F4A6BC}"
EndProject
Project("{FAE04EC0-301F-11D3-BF4B-00C04F79EFBC}") = "HoneyPotFileCreator", "HoneyPotFileCreator\HoneyPotFileCreator.csproj", "{C7CF5950-6C74-48C4-84C7-4A380C62701E}"
EndProject
Project("{FAE04EC0-301F-11D3-BF4B-00C04F79EFBC}") = "HoneyPot1POCRansomwareDownloader", "HoneyPotPOCRansomwareDownloader\HoneyPot1POCRansomwareDownloader.csproj", "{EAC9BB36-427F-4CDA-9706-3725A6A0F456}"
EndProject
Project("{FAE04EC0-301F-11D3-BF4B-00C04F79EFBC}") = "HoneyPot1Host", "HoneyPotHost\HoneyPot1Host.csproj", "{0EDC517A-3F5A-4D42-819C-3E1FAE5B9E25}"
EndProject
Project("{FAE04EC0-301F-11D3-BF4B-00C04F79EFBC}") = "ShannonPOC", "ShannonPOC\ShannonPOC.csproj", "{24952274-A8A8-46FC-8730-6B7B8081A6A7}"
EndProject
Project("{FAE04EC0-301F-11D3-BF4B-00C04F79EFBC}") = "FileChangeTypePOC", "FileChangeTypePOC\FileChangeTypePOC.csproj", "{FE89033D-6BD4-4EBE-8FC6-9E9CFE8C8FDA}"
EndProject
Project("{FAE04EC0-301F-11D3-BF4B-00C04F79EFBC}") = "HoneyPot2Host", "HoneyPot2Host\HoneyPot2Host.csproj", "{601EC0FC-FA52-4022-AE4E-D768ADB98197}"
EndProject
Project("{FAE04EC0-301F-11D3-BF4B-00C04F79EFBC}") = "HoneyPot2POCRansomwareDownloader", "HoneyPot2POCRansomwareDownloader\HoneyPot2POCRansomwareDownloader.csproj", "{DAF0D2A4-BD58-4D95-9CA6-FF895BB075A2}"
EndProject
Project("{FAE04EC0-301F-11D3-BF4B-00C04F79EFBC}") = "HoneyPot2POC", "HoneyPot2POC\HoneyPot2POC.csproj", "{1825637A-9091-4D9F-AC66-B014D5D9E231}"
EndProject
Project("{FAE04EC0-301F-11D3-BF4B-00C04F79EFBC}") = "HoneyPot5Host", "HoneyPot5Host\HoneyPot5Host.csproj", "{56E923F8-7363-48AE-AA5A-C754DC7AC057}"
EndProject
Project("{FAE04EC0-301F-11D3-BF4B-00C04F79EFBC}") = "HoneyPot5POCRansomwareDownloader", "HoneyPot5POCRansomwareDownloader\HoneyPot5POCRansomwareDownloader.csproj", "{A6FBBD65-4BDE-4E6C-A57D-6DB8D8AD2343}"
EndProject
Project("{FAE04EC0-301F-11D3-BF4B-00C04F79EFBC}") = "HoneyPot5POC", "HoneyPot5POC\HoneyPot5POC.csproj", "{C654EDE2-8112-4CF5-BA41-09DEFEA4BB7D}"
EndProject
Project("{2150E333-8FDC-42A3-9474-1A3956D46DE8}") = "HoneyPot1", "HoneyPot1", "{D6EC5524-6D87-49FB-8BC2-F671E4BFECF5}"
EndProject
Project("{2150E333-8FDC-42A3-9474-1A3956D46DE8}") = "HoneyPot2", "HoneyPot2", "{4F487967-447E-498D-B6DA-79F6413FED49}"
EndProject
Project("{2150E333-8FDC-42A3-9474-1A3956D46DE8}") = "HoneyPot5", "HoneyPot5", "{5625A70A-FB7A-4784-8947-BDC7E5252B86}"
EndProject
Project("{2150E333-8FDC-42A3-9474-1A3956D46DE8}") = "HoneyPot10", "HoneyPot10", "{9534CAA7-6AF9-4C15-9AF6-09B69465F920}"
EndProject
Project("{FAE04EC0-301F-11D3-BF4B-00C04F79EFBC}") = "HoneyPot10Host", "HoneyPot10Host\HoneyPot10Host.csproj", "{A6CEC354-862F-4045-A795-A24FC2FFB9FD}"
EndProject
Project("{FAE04EC0-301F-11D3-BF4B-00C04F79EFBC}") = "HoneyPot10POCRansomwareDownloader", "HoneyPot10POCRansomwareDownloader\HoneyPot10POCRansomwareDownloader.csproj", "{2A34E238-561D-4FAD-9189-AE5A8DB98E92}"
EndProject
Project("{FAE04EC0-301F-11D3-BF4B-00C04F79EFBC}") = "HoneyPot10POC", "HoneyPot10POC\HoneyPot10POC.csproj", "{4A104ADB-9927-4B76-89BC-A384258083DB}"
EndProject
Project("{2150E333-8FDC-42A3-9474-1A3956D46DE8}") = "Baseline", "Baseline", "{FCAA224D-CFA8-4767-98D8-8533581EA7A3}"
EndProject
Project("{2150E333-8FDC-42A3-9474-1A3956D46DE8}") = "QuickTest", "QuickTest", "{9EC68CC1-0F82-4CE7-9CBC-5367A51C33B9}"
EndProject
Project("{FAE04EC0-301F-11D3-BF4B-00C04F79EFBC}") = "Hasher", "Hasher\Hasher.csproj", "{5EA2C68C-D52B-4696-A038-5609EB077DE3}"
EndProject
Project("{2150E333-8FDC-42A3-9474-1A3956D46DE8}") = "Shannon3", "Shannon3", "{D4BCEACB-334A-48AA-BA36-DE98E5F6775B}"
EndProject
Project("{FAE04EC0-301F-11D3-BF4B-00C04F79EFBC}") = "ShannonRansomwareDownloader", "ShannonRansomwareDownloader\ShannonRansomwareDownloader.csproj", "{3CCFB1D7-2B64-42A2-9C63-B07760E7A83A}"
EndProject
Project("{FAE04EC0-301F-11D3-BF4B-00C04F79EFBC}") = "Shannon3Host", "Shannon3Host\Shannon3Host.csproj", "{ACC9E704-3D85-42D0-A7E0-48F062160D9B}"
EndProject
Project("{FAE04EC0-301F-11D3-BF4B-00C04F79EFBC}") = "ShannonEntropyComputer", "ShannonEntropyComputer\ShannonEntropyComputer.csproj", "{20982B6A-060F-4064-8C32-88E73BDF2EB5}"
EndProject
Project("{2150E333-8FDC-42A3-9474-1A3956D46DE8}") = "Shannon5", "Shannon5", "{B190CB81-2451-488A-809D-3C5E82C0D1BE}"
EndProject
Project("{FAE04EC0-301F-11D3-BF4B-00C04F79EFBC}") = "Shannon5Host", "Shannon5Host\Shannon5Host.csproj", "{85C46236-BC41-472A-924B-331D8E84EB4A}"
EndProject
Project("{FAE04EC0-301F-11D3-BF4B-00C04F79EFBC}") = "Shannon5RansomwareDownloader", "Shannon5RansomwareDownloader\Shannon5RansomwareDownloader.csproj", "{CE648CAC-7302-4EBC-B9CA-D9EEF7DE362B}"
EndProject
Project("{FAE04EC0-301F-11D3-BF4B-00C04F79EFBC}") = "Shannon5POC", "Shannon5POC\Shannon5POC.csproj", "{0BEAC9D8-A490-4F7A-AD87-4E5DD6501553}"
EndProject
Project("{2150E333-8FDC-42A3-9474-1A3956D46DE8}") = "Shannon10", "Shannon10", "{C3C2FCB5-851E-406C-87D4-888C375327FF}"
EndProject
Project("{FAE04EC0-301F-11D3-BF4B-00C04F79EFBC}") = "Shannon10Host", "Shannon10Host\Shannon10Host.csproj", "{499F7F63-1C72-4B65-8640-85F3086944BB}"
EndProject
Project("{FAE04EC0-301F-11D3-BF4B-00C04F79EFBC}") = "Shannon10RansomwareDownloader", "Shannon10RansomwareDownloader\Shannon10RansomwareDownloader.csproj", "{4D6E9105-AC04-4286-8CC2-C4DA5AFED601}"
EndProject
Project("{FAE04EC0-301F-11D3-BF4B-00C04F79EFBC}") = "Shannon10POC", "Shannon10POC\Shannon10POC.csproj", "{F9BD9C9E-9CE4-490B-94FB-29F5A3CBC90D}"
EndProject
Project("{2150E333-8FDC-42A3-9474-1A3956D46DE8}") = "Shannon15", "Shannon15", "{E7A04255-4737-4795-B605-B3BDA5519250}"
EndProject
Project("{FAE04EC0-301F-11D3-BF4B-00C04F79EFBC}") = "Shannon15Host", "Shannon15Host\Shannon15Host.csproj", "{77312588-02FB-4215-AE2F-C69D812A9788}"
EndProject
Project("{FAE04EC0-301F-11D3-BF4B-00C04F79EFBC}") = "Shannon15POC", "Shannon15POC\Shannon15POC.csproj", "{0BF6467D-CE16-4A9D-89BE-47979A88993B}"
EndProject
Project("{FAE04EC0-301F-11D3-BF4B-00C04F79EFBC}") = "Shannon15RansomwareDownloader", "Shannon15RansomwareDownloader\Shannon15RansomwareDownloader.csproj", "{6087C53C-6622-4808-B25F-151FEC74502B}"
EndProject
Project("{FAE04EC0-301F-11D3-BF4B-00C04F79EFBC}") = "DataCollector", "DataCollector\DataCollector.csproj", "{276AAD8A-2775-4F6E-B831-F3D895774652}"
EndProject
Project("{FAE04EC0-301F-11D3-BF4B-00C04F79EFBC}") = "DatabaseCollector", "DatabaseCollector\DatabaseCollector.csproj", "{D69B7E30-06C6-4A64-9415-587538DCC92F}"
EndProject
Project("{FAE04EC0-301F-11D3-BF4B-00C04F79EFBC}") = "ShannonFalsePositiveTest", "ShannonFalsePositiveTest\ShannonFalsePositiveTest.csproj", "{40AD804B-F860-42D4-842D-33D8BFC21D7F}"
EndProject
Global
	GlobalSection(SolutionConfigurationPlatforms) = preSolution
		Debug|Any CPU = Debug|Any CPU
		Release|Any CPU = Release|Any CPU
	EndGlobalSection
	GlobalSection(ProjectConfigurationPlatforms) = postSolution
		{62911152-D43F-4127-BE61-6853427DFB20}.Debug|Any CPU.ActiveCfg = Debug|Any CPU
		{62911152-D43F-4127-BE61-6853427DFB20}.Debug|Any CPU.Build.0 = Debug|Any CPU
		{62911152-D43F-4127-BE61-6853427DFB20}.Release|Any CPU.ActiveCfg = Release|Any CPU
		{62911152-D43F-4127-BE61-6853427DFB20}.Release|Any CPU.Build.0 = Release|Any CPU
		{544DC3B8-1D36-4A6A-B0F0-98A304929C01}.Debug|Any CPU.ActiveCfg = Debug|Any CPU
		{544DC3B8-1D36-4A6A-B0F0-98A304929C01}.Debug|Any CPU.Build.0 = Debug|Any CPU
		{544DC3B8-1D36-4A6A-B0F0-98A304929C01}.Release|Any CPU.ActiveCfg = Release|Any CPU
		{544DC3B8-1D36-4A6A-B0F0-98A304929C01}.Release|Any CPU.Build.0 = Release|Any CPU
		{4CB7006D-D81F-4C19-8D48-F5B34FF1666C}.Debug|Any CPU.ActiveCfg = Debug|Any CPU
		{4CB7006D-D81F-4C19-8D48-F5B34FF1666C}.Debug|Any CPU.Build.0 = Debug|Any CPU
		{4CB7006D-D81F-4C19-8D48-F5B34FF1666C}.Release|Any CPU.ActiveCfg = Release|Any CPU
		{4CB7006D-D81F-4C19-8D48-F5B34FF1666C}.Release|Any CPU.Build.0 = Release|Any CPU
		{7D3FE7AE-EAAC-4119-82A7-9220BA009177}.Debug|Any CPU.ActiveCfg = Debug|Any CPU
		{7D3FE7AE-EAAC-4119-82A7-9220BA009177}.Debug|Any CPU.Build.0 = Debug|Any CPU
		{7D3FE7AE-EAAC-4119-82A7-9220BA009177}.Release|Any CPU.ActiveCfg = Release|Any CPU
		{7D3FE7AE-EAAC-4119-82A7-9220BA009177}.Release|Any CPU.Build.0 = Release|Any CPU
		{DF257012-61C8-4630-80BA-1B1C48EC40AD}.Debug|Any CPU.ActiveCfg = Debug|Any CPU
		{DF257012-61C8-4630-80BA-1B1C48EC40AD}.Debug|Any CPU.Build.0 = Debug|Any CPU
		{DF257012-61C8-4630-80BA-1B1C48EC40AD}.Release|Any CPU.ActiveCfg = Release|Any CPU
		{DF257012-61C8-4630-80BA-1B1C48EC40AD}.Release|Any CPU.Build.0 = Release|Any CPU
		{03A10693-BC22-423D-8FF8-9863432B28AE}.Debug|Any CPU.ActiveCfg = Debug|Any CPU
		{03A10693-BC22-423D-8FF8-9863432B28AE}.Debug|Any CPU.Build.0 = Debug|Any CPU
		{03A10693-BC22-423D-8FF8-9863432B28AE}.Release|Any CPU.ActiveCfg = Release|Any CPU
		{03A10693-BC22-423D-8FF8-9863432B28AE}.Release|Any CPU.Build.0 = Release|Any CPU
		{A3419A52-F309-4049-87D8-60E5EED7778E}.Debug|Any CPU.ActiveCfg = Debug|Any CPU
		{A3419A52-F309-4049-87D8-60E5EED7778E}.Debug|Any CPU.Build.0 = Debug|Any CPU
		{A3419A52-F309-4049-87D8-60E5EED7778E}.Release|Any CPU.ActiveCfg = Release|Any CPU
		{A3419A52-F309-4049-87D8-60E5EED7778E}.Release|Any CPU.Build.0 = Release|Any CPU
		{A862E2B3-311E-4247-862E-4D63E8F4A6BC}.Debug|Any CPU.ActiveCfg = Debug|Any CPU
		{A862E2B3-311E-4247-862E-4D63E8F4A6BC}.Debug|Any CPU.Build.0 = Debug|Any CPU
		{A862E2B3-311E-4247-862E-4D63E8F4A6BC}.Release|Any CPU.ActiveCfg = Release|Any CPU
		{A862E2B3-311E-4247-862E-4D63E8F4A6BC}.Release|Any CPU.Build.0 = Release|Any CPU
		{C7CF5950-6C74-48C4-84C7-4A380C62701E}.Debug|Any CPU.ActiveCfg = Debug|Any CPU
		{C7CF5950-6C74-48C4-84C7-4A380C62701E}.Debug|Any CPU.Build.0 = Debug|Any CPU
		{C7CF5950-6C74-48C4-84C7-4A380C62701E}.Release|Any CPU.ActiveCfg = Release|Any CPU
		{C7CF5950-6C74-48C4-84C7-4A380C62701E}.Release|Any CPU.Build.0 = Release|Any CPU
		{EAC9BB36-427F-4CDA-9706-3725A6A0F456}.Debug|Any CPU.ActiveCfg = Debug|Any CPU
		{EAC9BB36-427F-4CDA-9706-3725A6A0F456}.Debug|Any CPU.Build.0 = Debug|Any CPU
		{EAC9BB36-427F-4CDA-9706-3725A6A0F456}.Release|Any CPU.ActiveCfg = Release|Any CPU
		{EAC9BB36-427F-4CDA-9706-3725A6A0F456}.Release|Any CPU.Build.0 = Release|Any CPU
		{0EDC517A-3F5A-4D42-819C-3E1FAE5B9E25}.Debug|Any CPU.ActiveCfg = Debug|Any CPU
		{0EDC517A-3F5A-4D42-819C-3E1FAE5B9E25}.Debug|Any CPU.Build.0 = Debug|Any CPU
		{0EDC517A-3F5A-4D42-819C-3E1FAE5B9E25}.Release|Any CPU.ActiveCfg = Release|Any CPU
		{0EDC517A-3F5A-4D42-819C-3E1FAE5B9E25}.Release|Any CPU.Build.0 = Release|Any CPU
		{24952274-A8A8-46FC-8730-6B7B8081A6A7}.Debug|Any CPU.ActiveCfg = Debug|Any CPU
		{24952274-A8A8-46FC-8730-6B7B8081A6A7}.Debug|Any CPU.Build.0 = Debug|Any CPU
		{24952274-A8A8-46FC-8730-6B7B8081A6A7}.Release|Any CPU.ActiveCfg = Release|Any CPU
		{24952274-A8A8-46FC-8730-6B7B8081A6A7}.Release|Any CPU.Build.0 = Release|Any CPU
		{FE89033D-6BD4-4EBE-8FC6-9E9CFE8C8FDA}.Debug|Any CPU.ActiveCfg = Debug|Any CPU
		{FE89033D-6BD4-4EBE-8FC6-9E9CFE8C8FDA}.Debug|Any CPU.Build.0 = Debug|Any CPU
		{FE89033D-6BD4-4EBE-8FC6-9E9CFE8C8FDA}.Release|Any CPU.ActiveCfg = Release|Any CPU
		{FE89033D-6BD4-4EBE-8FC6-9E9CFE8C8FDA}.Release|Any CPU.Build.0 = Release|Any CPU
		{601EC0FC-FA52-4022-AE4E-D768ADB98197}.Debug|Any CPU.ActiveCfg = Debug|Any CPU
		{601EC0FC-FA52-4022-AE4E-D768ADB98197}.Debug|Any CPU.Build.0 = Debug|Any CPU
		{601EC0FC-FA52-4022-AE4E-D768ADB98197}.Release|Any CPU.ActiveCfg = Release|Any CPU
		{601EC0FC-FA52-4022-AE4E-D768ADB98197}.Release|Any CPU.Build.0 = Release|Any CPU
		{DAF0D2A4-BD58-4D95-9CA6-FF895BB075A2}.Debug|Any CPU.ActiveCfg = Debug|Any CPU
		{DAF0D2A4-BD58-4D95-9CA6-FF895BB075A2}.Debug|Any CPU.Build.0 = Debug|Any CPU
		{DAF0D2A4-BD58-4D95-9CA6-FF895BB075A2}.Release|Any CPU.ActiveCfg = Release|Any CPU
		{DAF0D2A4-BD58-4D95-9CA6-FF895BB075A2}.Release|Any CPU.Build.0 = Release|Any CPU
		{1825637A-9091-4D9F-AC66-B014D5D9E231}.Debug|Any CPU.ActiveCfg = Debug|Any CPU
		{1825637A-9091-4D9F-AC66-B014D5D9E231}.Debug|Any CPU.Build.0 = Debug|Any CPU
		{1825637A-9091-4D9F-AC66-B014D5D9E231}.Release|Any CPU.ActiveCfg = Release|Any CPU
		{1825637A-9091-4D9F-AC66-B014D5D9E231}.Release|Any CPU.Build.0 = Release|Any CPU
		{56E923F8-7363-48AE-AA5A-C754DC7AC057}.Debug|Any CPU.ActiveCfg = Debug|Any CPU
		{56E923F8-7363-48AE-AA5A-C754DC7AC057}.Debug|Any CPU.Build.0 = Debug|Any CPU
		{56E923F8-7363-48AE-AA5A-C754DC7AC057}.Release|Any CPU.ActiveCfg = Release|Any CPU
		{56E923F8-7363-48AE-AA5A-C754DC7AC057}.Release|Any CPU.Build.0 = Release|Any CPU
		{A6FBBD65-4BDE-4E6C-A57D-6DB8D8AD2343}.Debug|Any CPU.ActiveCfg = Debug|Any CPU
		{A6FBBD65-4BDE-4E6C-A57D-6DB8D8AD2343}.Debug|Any CPU.Build.0 = Debug|Any CPU
		{A6FBBD65-4BDE-4E6C-A57D-6DB8D8AD2343}.Release|Any CPU.ActiveCfg = Release|Any CPU
		{A6FBBD65-4BDE-4E6C-A57D-6DB8D8AD2343}.Release|Any CPU.Build.0 = Release|Any CPU
		{C654EDE2-8112-4CF5-BA41-09DEFEA4BB7D}.Debug|Any CPU.ActiveCfg = Debug|Any CPU
		{C654EDE2-8112-4CF5-BA41-09DEFEA4BB7D}.Debug|Any CPU.Build.0 = Debug|Any CPU
		{C654EDE2-8112-4CF5-BA41-09DEFEA4BB7D}.Release|Any CPU.ActiveCfg = Release|Any CPU
		{C654EDE2-8112-4CF5-BA41-09DEFEA4BB7D}.Release|Any CPU.Build.0 = Release|Any CPU
		{A6CEC354-862F-4045-A795-A24FC2FFB9FD}.Debug|Any CPU.ActiveCfg = Debug|Any CPU
		{A6CEC354-862F-4045-A795-A24FC2FFB9FD}.Debug|Any CPU.Build.0 = Debug|Any CPU
		{A6CEC354-862F-4045-A795-A24FC2FFB9FD}.Release|Any CPU.ActiveCfg = Release|Any CPU
		{A6CEC354-862F-4045-A795-A24FC2FFB9FD}.Release|Any CPU.Build.0 = Release|Any CPU
		{2A34E238-561D-4FAD-9189-AE5A8DB98E92}.Debug|Any CPU.ActiveCfg = Debug|Any CPU
		{2A34E238-561D-4FAD-9189-AE5A8DB98E92}.Debug|Any CPU.Build.0 = Debug|Any CPU
		{2A34E238-561D-4FAD-9189-AE5A8DB98E92}.Release|Any CPU.ActiveCfg = Release|Any CPU
		{2A34E238-561D-4FAD-9189-AE5A8DB98E92}.Release|Any CPU.Build.0 = Release|Any CPU
		{4A104ADB-9927-4B76-89BC-A384258083DB}.Debug|Any CPU.ActiveCfg = Debug|Any CPU
		{4A104ADB-9927-4B76-89BC-A384258083DB}.Debug|Any CPU.Build.0 = Debug|Any CPU
		{4A104ADB-9927-4B76-89BC-A384258083DB}.Release|Any CPU.ActiveCfg = Release|Any CPU
		{4A104ADB-9927-4B76-89BC-A384258083DB}.Release|Any CPU.Build.0 = Release|Any CPU
		{5EA2C68C-D52B-4696-A038-5609EB077DE3}.Debug|Any CPU.ActiveCfg = Debug|Any CPU
		{5EA2C68C-D52B-4696-A038-5609EB077DE3}.Debug|Any CPU.Build.0 = Debug|Any CPU
		{5EA2C68C-D52B-4696-A038-5609EB077DE3}.Release|Any CPU.ActiveCfg = Release|Any CPU
		{5EA2C68C-D52B-4696-A038-5609EB077DE3}.Release|Any CPU.Build.0 = Release|Any CPU
		{3CCFB1D7-2B64-42A2-9C63-B07760E7A83A}.Debug|Any CPU.ActiveCfg = Debug|Any CPU
		{3CCFB1D7-2B64-42A2-9C63-B07760E7A83A}.Debug|Any CPU.Build.0 = Debug|Any CPU
		{3CCFB1D7-2B64-42A2-9C63-B07760E7A83A}.Release|Any CPU.ActiveCfg = Release|Any CPU
		{3CCFB1D7-2B64-42A2-9C63-B07760E7A83A}.Release|Any CPU.Build.0 = Release|Any CPU
		{ACC9E704-3D85-42D0-A7E0-48F062160D9B}.Debug|Any CPU.ActiveCfg = Debug|Any CPU
		{ACC9E704-3D85-42D0-A7E0-48F062160D9B}.Debug|Any CPU.Build.0 = Debug|Any CPU
		{ACC9E704-3D85-42D0-A7E0-48F062160D9B}.Release|Any CPU.ActiveCfg = Release|Any CPU
		{ACC9E704-3D85-42D0-A7E0-48F062160D9B}.Release|Any CPU.Build.0 = Release|Any CPU
		{20982B6A-060F-4064-8C32-88E73BDF2EB5}.Debug|Any CPU.ActiveCfg = Debug|Any CPU
		{20982B6A-060F-4064-8C32-88E73BDF2EB5}.Debug|Any CPU.Build.0 = Debug|Any CPU
		{20982B6A-060F-4064-8C32-88E73BDF2EB5}.Release|Any CPU.ActiveCfg = Release|Any CPU
		{20982B6A-060F-4064-8C32-88E73BDF2EB5}.Release|Any CPU.Build.0 = Release|Any CPU
		{85C46236-BC41-472A-924B-331D8E84EB4A}.Debug|Any CPU.ActiveCfg = Debug|Any CPU
		{85C46236-BC41-472A-924B-331D8E84EB4A}.Debug|Any CPU.Build.0 = Debug|Any CPU
		{85C46236-BC41-472A-924B-331D8E84EB4A}.Release|Any CPU.ActiveCfg = Release|Any CPU
		{85C46236-BC41-472A-924B-331D8E84EB4A}.Release|Any CPU.Build.0 = Release|Any CPU
		{CE648CAC-7302-4EBC-B9CA-D9EEF7DE362B}.Debug|Any CPU.ActiveCfg = Debug|Any CPU
		{CE648CAC-7302-4EBC-B9CA-D9EEF7DE362B}.Debug|Any CPU.Build.0 = Debug|Any CPU
		{CE648CAC-7302-4EBC-B9CA-D9EEF7DE362B}.Release|Any CPU.ActiveCfg = Release|Any CPU
		{CE648CAC-7302-4EBC-B9CA-D9EEF7DE362B}.Release|Any CPU.Build.0 = Release|Any CPU
		{0BEAC9D8-A490-4F7A-AD87-4E5DD6501553}.Debug|Any CPU.ActiveCfg = Debug|Any CPU
		{0BEAC9D8-A490-4F7A-AD87-4E5DD6501553}.Debug|Any CPU.Build.0 = Debug|Any CPU
		{0BEAC9D8-A490-4F7A-AD87-4E5DD6501553}.Release|Any CPU.ActiveCfg = Release|Any CPU
		{0BEAC9D8-A490-4F7A-AD87-4E5DD6501553}.Release|Any CPU.Build.0 = Release|Any CPU
		{499F7F63-1C72-4B65-8640-85F3086944BB}.Debug|Any CPU.ActiveCfg = Debug|Any CPU
		{499F7F63-1C72-4B65-8640-85F3086944BB}.Debug|Any CPU.Build.0 = Debug|Any CPU
		{499F7F63-1C72-4B65-8640-85F3086944BB}.Release|Any CPU.ActiveCfg = Release|Any CPU
		{499F7F63-1C72-4B65-8640-85F3086944BB}.Release|Any CPU.Build.0 = Release|Any CPU
		{4D6E9105-AC04-4286-8CC2-C4DA5AFED601}.Debug|Any CPU.ActiveCfg = Debug|Any CPU
		{4D6E9105-AC04-4286-8CC2-C4DA5AFED601}.Debug|Any CPU.Build.0 = Debug|Any CPU
		{4D6E9105-AC04-4286-8CC2-C4DA5AFED601}.Release|Any CPU.ActiveCfg = Release|Any CPU
		{4D6E9105-AC04-4286-8CC2-C4DA5AFED601}.Release|Any CPU.Build.0 = Release|Any CPU
		{F9BD9C9E-9CE4-490B-94FB-29F5A3CBC90D}.Debug|Any CPU.ActiveCfg = Debug|Any CPU
		{F9BD9C9E-9CE4-490B-94FB-29F5A3CBC90D}.Debug|Any CPU.Build.0 = Debug|Any CPU
		{F9BD9C9E-9CE4-490B-94FB-29F5A3CBC90D}.Release|Any CPU.ActiveCfg = Release|Any CPU
		{F9BD9C9E-9CE4-490B-94FB-29F5A3CBC90D}.Release|Any CPU.Build.0 = Release|Any CPU
		{77312588-02FB-4215-AE2F-C69D812A9788}.Debug|Any CPU.ActiveCfg = Debug|Any CPU
		{77312588-02FB-4215-AE2F-C69D812A9788}.Debug|Any CPU.Build.0 = Debug|Any CPU
		{77312588-02FB-4215-AE2F-C69D812A9788}.Release|Any CPU.ActiveCfg = Release|Any CPU
		{77312588-02FB-4215-AE2F-C69D812A9788}.Release|Any CPU.Build.0 = Release|Any CPU
		{0BF6467D-CE16-4A9D-89BE-47979A88993B}.Debug|Any CPU.ActiveCfg = Debug|Any CPU
		{0BF6467D-CE16-4A9D-89BE-47979A88993B}.Debug|Any CPU.Build.0 = Debug|Any CPU
		{0BF6467D-CE16-4A9D-89BE-47979A88993B}.Release|Any CPU.ActiveCfg = Release|Any CPU
		{0BF6467D-CE16-4A9D-89BE-47979A88993B}.Release|Any CPU.Build.0 = Release|Any CPU
		{6087C53C-6622-4808-B25F-151FEC74502B}.Debug|Any CPU.ActiveCfg = Debug|Any CPU
		{6087C53C-6622-4808-B25F-151FEC74502B}.Debug|Any CPU.Build.0 = Debug|Any CPU
		{6087C53C-6622-4808-B25F-151FEC74502B}.Release|Any CPU.ActiveCfg = Release|Any CPU
		{6087C53C-6622-4808-B25F-151FEC74502B}.Release|Any CPU.Build.0 = Release|Any CPU
		{276AAD8A-2775-4F6E-B831-F3D895774652}.Debug|Any CPU.ActiveCfg = Debug|Any CPU
		{276AAD8A-2775-4F6E-B831-F3D895774652}.Debug|Any CPU.Build.0 = Debug|Any CPU
		{276AAD8A-2775-4F6E-B831-F3D895774652}.Release|Any CPU.ActiveCfg = Release|Any CPU
		{276AAD8A-2775-4F6E-B831-F3D895774652}.Release|Any CPU.Build.0 = Release|Any CPU
		{D69B7E30-06C6-4A64-9415-587538DCC92F}.Debug|Any CPU.ActiveCfg = Debug|Any CPU
		{D69B7E30-06C6-4A64-9415-587538DCC92F}.Debug|Any CPU.Build.0 = Debug|Any CPU
		{D69B7E30-06C6-4A64-9415-587538DCC92F}.Release|Any CPU.ActiveCfg = Release|Any CPU
		{D69B7E30-06C6-4A64-9415-587538DCC92F}.Release|Any CPU.Build.0 = Release|Any CPU
		{40AD804B-F860-42D4-842D-33D8BFC21D7F}.Debug|Any CPU.ActiveCfg = Debug|Any CPU
		{40AD804B-F860-42D4-842D-33D8BFC21D7F}.Debug|Any CPU.Build.0 = Debug|Any CPU
		{40AD804B-F860-42D4-842D-33D8BFC21D7F}.Release|Any CPU.ActiveCfg = Release|Any CPU
		{40AD804B-F860-42D4-842D-33D8BFC21D7F}.Release|Any CPU.Build.0 = Release|Any CPU
	EndGlobalSection
	GlobalSection(SolutionProperties) = preSolution
		HideSolutionNode = FALSE
	EndGlobalSection
	GlobalSection(NestedProjects) = preSolution
		{62911152-D43F-4127-BE61-6853427DFB20} = {9EC68CC1-0F82-4CE7-9CBC-5367A51C33B9}
		{544DC3B8-1D36-4A6A-B0F0-98A304929C01} = {9EC68CC1-0F82-4CE7-9CBC-5367A51C33B9}
		{4CB7006D-D81F-4C19-8D48-F5B34FF1666C} = {9EC68CC1-0F82-4CE7-9CBC-5367A51C33B9}
		{7D3FE7AE-EAAC-4119-82A7-9220BA009177} = {9EC68CC1-0F82-4CE7-9CBC-5367A51C33B9}
		{DF257012-61C8-4630-80BA-1B1C48EC40AD} = {FCAA224D-CFA8-4767-98D8-8533581EA7A3}
		{03A10693-BC22-423D-8FF8-9863432B28AE} = {D6EC5524-6D87-49FB-8BC2-F671E4BFECF5}
		{A3419A52-F309-4049-87D8-60E5EED7778E} = {FCAA224D-CFA8-4767-98D8-8533581EA7A3}
		{A862E2B3-311E-4247-862E-4D63E8F4A6BC} = {FCAA224D-CFA8-4767-98D8-8533581EA7A3}
		{EAC9BB36-427F-4CDA-9706-3725A6A0F456} = {D6EC5524-6D87-49FB-8BC2-F671E4BFECF5}
		{0EDC517A-3F5A-4D42-819C-3E1FAE5B9E25} = {D6EC5524-6D87-49FB-8BC2-F671E4BFECF5}
		{24952274-A8A8-46FC-8730-6B7B8081A6A7} = {D4BCEACB-334A-48AA-BA36-DE98E5F6775B}
		{601EC0FC-FA52-4022-AE4E-D768ADB98197} = {4F487967-447E-498D-B6DA-79F6413FED49}
		{DAF0D2A4-BD58-4D95-9CA6-FF895BB075A2} = {4F487967-447E-498D-B6DA-79F6413FED49}
		{1825637A-9091-4D9F-AC66-B014D5D9E231} = {4F487967-447E-498D-B6DA-79F6413FED49}
		{56E923F8-7363-48AE-AA5A-C754DC7AC057} = {5625A70A-FB7A-4784-8947-BDC7E5252B86}
		{A6FBBD65-4BDE-4E6C-A57D-6DB8D8AD2343} = {5625A70A-FB7A-4784-8947-BDC7E5252B86}
		{C654EDE2-8112-4CF5-BA41-09DEFEA4BB7D} = {5625A70A-FB7A-4784-8947-BDC7E5252B86}
		{A6CEC354-862F-4045-A795-A24FC2FFB9FD} = {9534CAA7-6AF9-4C15-9AF6-09B69465F920}
		{2A34E238-561D-4FAD-9189-AE5A8DB98E92} = {9534CAA7-6AF9-4C15-9AF6-09B69465F920}
		{4A104ADB-9927-4B76-89BC-A384258083DB} = {9534CAA7-6AF9-4C15-9AF6-09B69465F920}
		{3CCFB1D7-2B64-42A2-9C63-B07760E7A83A} = {D4BCEACB-334A-48AA-BA36-DE98E5F6775B}
		{ACC9E704-3D85-42D0-A7E0-48F062160D9B} = {D4BCEACB-334A-48AA-BA36-DE98E5F6775B}
		{85C46236-BC41-472A-924B-331D8E84EB4A} = {B190CB81-2451-488A-809D-3C5E82C0D1BE}
		{CE648CAC-7302-4EBC-B9CA-D9EEF7DE362B} = {B190CB81-2451-488A-809D-3C5E82C0D1BE}
		{0BEAC9D8-A490-4F7A-AD87-4E5DD6501553} = {B190CB81-2451-488A-809D-3C5E82C0D1BE}
		{499F7F63-1C72-4B65-8640-85F3086944BB} = {C3C2FCB5-851E-406C-87D4-888C375327FF}
		{4D6E9105-AC04-4286-8CC2-C4DA5AFED601} = {C3C2FCB5-851E-406C-87D4-888C375327FF}
		{F9BD9C9E-9CE4-490B-94FB-29F5A3CBC90D} = {C3C2FCB5-851E-406C-87D4-888C375327FF}
		{77312588-02FB-4215-AE2F-C69D812A9788} = {E7A04255-4737-4795-B605-B3BDA5519250}
		{0BF6467D-CE16-4A9D-89BE-47979A88993B} = {E7A04255-4737-4795-B605-B3BDA5519250}
		{6087C53C-6622-4808-B25F-151FEC74502B} = {E7A04255-4737-4795-B605-B3BDA5519250}
	EndGlobalSection
EndGlobal
